// !$*UTF8*$!
{
	archiveVersion = 1;
	classes = {
	};
	objectVersion = 50;
	objects = {

/* Begin PBXBuildFile section */
		77297665255C72D7003A1B33 /* Beer.swift in Sources */ = {isa = PBXBuildFile; fileRef = 77297664255C72D7003A1B33 /* Beer.swift */; };
		774AE96A25598F84005FF74C /* BeerTableViewCell.swift in Sources */ = {isa = PBXBuildFile; fileRef = 774AE96925598F84005FF74C /* BeerTableViewCell.swift */; };
		774BBC35257003F00029ABEF /* BeerDetailView.swift in Sources */ = {isa = PBXBuildFile; fileRef = 774BBC34257003F00029ABEF /* BeerDetailView.swift */; };
		7754331125751E4700C9858E /* BeerController.swift in Sources */ = {isa = PBXBuildFile; fileRef = 7754331025751E4700C9858E /* BeerController.swift */; };
		77739B752555A03400A08B14 /* APIManager.swift in Sources */ = {isa = PBXBuildFile; fileRef = 77739B742555A03400A08B14 /* APIManager.swift */; };
		77739B782555AFB700A08B14 /* BeerAPI.swift in Sources */ = {isa = PBXBuildFile; fileRef = 77739B772555AFB700A08B14 /* BeerAPI.swift */; };
		77817C4025A8B15800F18A86 /* FavoritsTableViewController.swift in Sources */ = {isa = PBXBuildFile; fileRef = 77817C3F25A8B15800F18A86 /* FavoritsTableViewController.swift */; };
		77817C4525A8B23300F18A86 /* Main.storyboard in Resources */ = {isa = PBXBuildFile; fileRef = 77817C4425A8B23300F18A86 /* Main.storyboard */; };
		778E828D2566EEB10058080A /* RatingTableViewController.swift in Sources */ = {isa = PBXBuildFile; fileRef = 778E828C2566EEB10058080A /* RatingTableViewController.swift */; };
		77C079B425472E2D00F064A0 /* BeersViewController.swift in Sources */ = {isa = PBXBuildFile; fileRef = 77C079B325472E2D00F064A0 /* BeersViewController.swift */; };
		77C079B725472E3A00F064A0 /* AddBeerViewController.swift in Sources */ = {isa = PBXBuildFile; fileRef = 77C079B625472E3A00F064A0 /* AddBeerViewController.swift */; };
		77F6E6852542F9D600730CA8 /* AppDelegate.swift in Sources */ = {isa = PBXBuildFile; fileRef = 77F6E6842542F9D600730CA8 /* AppDelegate.swift */; };
		77F6E6872542F9D600730CA8 /* SceneDelegate.swift in Sources */ = {isa = PBXBuildFile; fileRef = 77F6E6862542F9D600730CA8 /* SceneDelegate.swift */; };
		77F6E6892542F9D600730CA8 /* HomeViewController.swift in Sources */ = {isa = PBXBuildFile; fileRef = 77F6E6882542F9D600730CA8 /* HomeViewController.swift */; };
		77F6E68E2542F9DA00730CA8 /* Assets.xcassets in Resources */ = {isa = PBXBuildFile; fileRef = 77F6E68D2542F9DA00730CA8 /* Assets.xcassets */; };
		77F6E6912542F9DA00730CA8 /* LaunchScreen.storyboard in Resources */ = {isa = PBXBuildFile; fileRef = 77F6E68F2542F9DA00730CA8 /* LaunchScreen.storyboard */; };
/* End PBXBuildFile section */

/* Begin PBXFileReference section */
		77297664255C72D7003A1B33 /* Beer.swift */ = {isa = PBXFileReference; lastKnownFileType = sourcecode.swift; path = Beer.swift; sourceTree = "<group>"; };
		774AE96925598F84005FF74C /* BeerTableViewCell.swift */ = {isa = PBXFileReference; lastKnownFileType = sourcecode.swift; path = BeerTableViewCell.swift; sourceTree = "<group>"; };
		774BBC34257003F00029ABEF /* BeerDetailView.swift */ = {isa = PBXFileReference; lastKnownFileType = sourcecode.swift; path = BeerDetailView.swift; sourceTree = "<group>"; };
		7754331025751E4700C9858E /* BeerController.swift */ = {isa = PBXFileReference; lastKnownFileType = sourcecode.swift; path = BeerController.swift; sourceTree = "<group>"; };
		77739B742555A03400A08B14 /* APIManager.swift */ = {isa = PBXFileReference; lastKnownFileType = sourcecode.swift; path = APIManager.swift; sourceTree = "<group>"; };
		77739B772555AFB700A08B14 /* BeerAPI.swift */ = {isa = PBXFileReference; lastKnownFileType = sourcecode.swift; path = BeerAPI.swift; sourceTree = "<group>"; };
		77817C3F25A8B15800F18A86 /* FavoritsTableViewController.swift */ = {isa = PBXFileReference; lastKnownFileType = sourcecode.swift; path = FavoritsTableViewController.swift; sourceTree = "<group>"; };
		77817C4425A8B23300F18A86 /* Main.storyboard */ = {isa = PBXFileReference; fileEncoding = 4; lastKnownFileType = file.storyboard; name = Main.storyboard; path = ../../../../../../../.Trash/Main.storyboard; sourceTree = "<group>"; };
		778E828C2566EEB10058080A /* RatingTableViewController.swift */ = {isa = PBXFileReference; lastKnownFileType = sourcecode.swift; path = RatingTableViewController.swift; sourceTree = "<group>"; };
		77C079B325472E2D00F064A0 /* BeersViewController.swift */ = {isa = PBXFileReference; lastKnownFileType = sourcecode.swift; path = BeersViewController.swift; sourceTree = "<group>"; };
		77C079B625472E3A00F064A0 /* AddBeerViewController.swift */ = {isa = PBXFileReference; lastKnownFileType = sourcecode.swift; path = AddBeerViewController.swift; sourceTree = "<group>"; };
		77F6E6812542F9D600730CA8 /* Project.app */ = {isa = PBXFileReference; explicitFileType = wrapper.application; includeInIndex = 0; path = Project.app; sourceTree = BUILT_PRODUCTS_DIR; };
		77F6E6842542F9D600730CA8 /* AppDelegate.swift */ = {isa = PBXFileReference; lastKnownFileType = sourcecode.swift; path = AppDelegate.swift; sourceTree = "<group>"; };
		77F6E6862542F9D600730CA8 /* SceneDelegate.swift */ = {isa = PBXFileReference; lastKnownFileType = sourcecode.swift; path = SceneDelegate.swift; sourceTree = "<group>"; };
		77F6E6882542F9D600730CA8 /* HomeViewController.swift */ = {isa = PBXFileReference; lastKnownFileType = sourcecode.swift; path = HomeViewController.swift; sourceTree = "<group>"; };
		77F6E68D2542F9DA00730CA8 /* Assets.xcassets */ = {isa = PBXFileReference; lastKnownFileType = folder.assetcatalog; path = Assets.xcassets; sourceTree = "<group>"; };
		77F6E6902542F9DA00730CA8 /* Base */ = {isa = PBXFileReference; lastKnownFileType = file.storyboard; name = Base; path = Base.lproj/LaunchScreen.storyboard; sourceTree = "<group>"; };
		77F6E6922542F9DA00730CA8 /* Info.plist */ = {isa = PBXFileReference; lastKnownFileType = text.plist.xml; path = Info.plist; sourceTree = "<group>"; };
/* End PBXFileReference section */

/* Begin PBXFrameworksBuildPhase section */
		77F6E67E2542F9D600730CA8 /* Frameworks */ = {
			isa = PBXFrameworksBuildPhase;
			buildActionMask = 2147483647;
			files = (
			);
			runOnlyForDeploymentPostprocessing = 0;
		};
/* End PBXFrameworksBuildPhase section */

/* Begin PBXGroup section */
		77F6E6782542F9D600730CA8 = {
			isa = PBXGroup;
			children = (
				77F6E6832542F9D600730CA8 /* Project */,
				77F6E6822542F9D600730CA8 /* Products */,
			);
			sourceTree = "<group>";
		};
		77F6E6822542F9D600730CA8 /* Products */ = {
			isa = PBXGroup;
			children = (
				77F6E6812542F9D600730CA8 /* Project.app */,
			);
			name = Products;
			sourceTree = "<group>";
		};
		77F6E6832542F9D600730CA8 /* Project */ = {
			isa = PBXGroup;
			children = (
				77F6E6992542F9E700730CA8 /* Models */,
				77F6E69A2542F9EF00730CA8 /* Views */,
				77F6E69B2542F9F400730CA8 /* Controllers */,
				77F6E69D2542FA2A00730CA8 /* Storyboards */,
				77F6E69C2542F9FC00730CA8 /* Resources */,
				77F6E68D2542F9DA00730CA8 /* Assets.xcassets */,
				77F6E6922542F9DA00730CA8 /* Info.plist */,
				774AE96925598F84005FF74C /* BeerTableViewCell.swift */,
			);
			path = Project;
			sourceTree = "<group>";
		};
		77F6E6992542F9E700730CA8 /* Models */ = {
			isa = PBXGroup;
			children = (
				77739B772555AFB700A08B14 /* BeerAPI.swift */,
				77297664255C72D7003A1B33 /* Beer.swift */,
				7754331025751E4700C9858E /* BeerController.swift */,
			);
			path = Models;
			sourceTree = "<group>";
		};
		77F6E69A2542F9EF00730CA8 /* Views */ = {
			isa = PBXGroup;
			children = (
				774BBC34257003F00029ABEF /* BeerDetailView.swift */,
			);
			path = Views;
			sourceTree = "<group>";
		};
		77F6E69B2542F9F400730CA8 /* Controllers */ = {
			isa = PBXGroup;
			children = (
				77F6E6882542F9D600730CA8 /* HomeViewController.swift */,
				77C079B325472E2D00F064A0 /* BeersViewController.swift */,
				77C079B625472E3A00F064A0 /* AddBeerViewController.swift */,
				778E828C2566EEB10058080A /* RatingTableViewController.swift */,
				77817C3F25A8B15800F18A86 /* FavoritsTableViewController.swift */,
			);
			path = Controllers;
			sourceTree = "<group>";
		};
		77F6E69C2542F9FC00730CA8 /* Resources */ = {
			isa = PBXGroup;
			children = (
				77F6E6842542F9D600730CA8 /* AppDelegate.swift */,
				77F6E6862542F9D600730CA8 /* SceneDelegate.swift */,
				77739B742555A03400A08B14 /* APIManager.swift */,
			);
			path = Resources;
			sourceTree = "<group>";
		};
		77F6E69D2542FA2A00730CA8 /* Storyboards */ = {
			isa = PBXGroup;
			children = (
				77817C4425A8B23300F18A86 /* Main.storyboard */,
				77F6E68F2542F9DA00730CA8 /* LaunchScreen.storyboard */,
			);
			path = Storyboards;
			sourceTree = "<group>";
		};
/* End PBXGroup section */

/* Begin PBXNativeTarget section */
		77F6E6802542F9D600730CA8 /* Project */ = {
			isa = PBXNativeTarget;
			buildConfigurationList = 77F6E6952542F9DA00730CA8 /* Build configuration list for PBXNativeTarget "Project" */;
			buildPhases = (
				77F6E67D2542F9D600730CA8 /* Sources */,
				77F6E67E2542F9D600730CA8 /* Frameworks */,
				77F6E67F2542F9D600730CA8 /* Resources */,
			);
			buildRules = (
			);
			dependencies = (
			);
			name = Project;
			productName = Project;
			productReference = 77F6E6812542F9D600730CA8 /* Project.app */;
			productType = "com.apple.product-type.application";
		};
/* End PBXNativeTarget section */

/* Begin PBXProject section */
		77F6E6792542F9D600730CA8 /* Project object */ = {
			isa = PBXProject;
			attributes = {
				LastSwiftUpdateCheck = 1200;
				LastUpgradeCheck = 1200;
				TargetAttributes = {
					77F6E6802542F9D600730CA8 = {
						CreatedOnToolsVersion = 12.0;
					};
				};
			};
			buildConfigurationList = 77F6E67C2542F9D600730CA8 /* Build configuration list for PBXProject "Project" */;
			compatibilityVersion = "Xcode 9.3";
			developmentRegion = en;
			hasScannedForEncodings = 0;
			knownRegions = (
				en,
				Base,
			);
			mainGroup = 77F6E6782542F9D600730CA8;
			productRefGroup = 77F6E6822542F9D600730CA8 /* Products */;
			projectDirPath = "";
			projectRoot = "";
			targets = (
				77F6E6802542F9D600730CA8 /* Project */,
			);
		};
/* End PBXProject section */

/* Begin PBXResourcesBuildPhase section */
		77F6E67F2542F9D600730CA8 /* Resources */ = {
			isa = PBXResourcesBuildPhase;
			buildActionMask = 2147483647;
			files = (
				77817C4525A8B23300F18A86 /* Main.storyboard in Resources */,
				77F6E6912542F9DA00730CA8 /* LaunchScreen.storyboard in Resources */,
				77F6E68E2542F9DA00730CA8 /* Assets.xcassets in Resources */,
			);
			runOnlyForDeploymentPostprocessing = 0;
		};
/* End PBXResourcesBuildPhase section */

/* Begin PBXSourcesBuildPhase section */
		77F6E67D2542F9D600730CA8 /* Sources */ = {
			isa = PBXSourcesBuildPhase;
			buildActionMask = 2147483647;
			files = (
				77739B752555A03400A08B14 /* APIManager.swift in Sources */,
				77739B782555AFB700A08B14 /* BeerAPI.swift in Sources */,
				77C079B725472E3A00F064A0 /* AddBeerViewController.swift in Sources */,
				77297665255C72D7003A1B33 /* Beer.swift in Sources */,
				77C079B425472E2D00F064A0 /* BeersViewController.swift in Sources */,
				77F6E6892542F9D600730CA8 /* HomeViewController.swift in Sources */,
				77F6E6852542F9D600730CA8 /* AppDelegate.swift in Sources */,
				77817C4025A8B15800F18A86 /* FavoritsTableViewController.swift in Sources */,
				77F6E6872542F9D600730CA8 /* SceneDelegate.swift in Sources */,
				774BBC35257003F00029ABEF /* BeerDetailView.swift in Sources */,
				778E828D2566EEB10058080A /* RatingTableViewController.swift in Sources */,
				7754331125751E4700C9858E /* BeerController.swift in Sources */,
				774AE96A25598F84005FF74C /* BeerTableViewCell.swift in Sources */,
			);
			runOnlyForDeploymentPostprocessing = 0;
		};
/* End PBXSourcesBuildPhase section */

/* Begin PBXVariantGroup section */
		77F6E68F2542F9DA00730CA8 /* LaunchScreen.storyboard */ = {
			isa = PBXVariantGroup;
			children = (
				77F6E6902542F9DA00730CA8 /* Base */,
			);
			name = LaunchScreen.storyboard;
			sourceTree = "<group>";
		};
/* End PBXVariantGroup section */

/* Begin XCBuildConfiguration section */
		77F6E6932542F9DA00730CA8 /* Debug */ = {
			isa = XCBuildConfiguration;
			buildSettings = {
				ALWAYS_SEARCH_USER_PATHS = NO;
				CLANG_ANALYZER_NONNULL = YES;
				CLANG_ANALYZER_NUMBER_OBJECT_CONVERSION = YES_AGGRESSIVE;
				CLANG_CXX_LANGUAGE_STANDARD = "gnu++14";
				CLANG_CXX_LIBRARY = "libc++";
				CLANG_ENABLE_MODULES = YES;
				CLANG_ENABLE_OBJC_ARC = YES;
				CLANG_ENABLE_OBJC_WEAK = YES;
				CLANG_WARN_BLOCK_CAPTURE_AUTORELEASING = YES;
				CLANG_WARN_BOOL_CONVERSION = YES;
				CLANG_WARN_COMMA = YES;
				CLANG_WARN_CONSTANT_CONVERSION = YES;
				CLANG_WARN_DEPRECATED_OBJC_IMPLEMENTATIONS = YES;
				CLANG_WARN_DIRECT_OBJC_ISA_USAGE = YES_ERROR;
				CLANG_WARN_DOCUMENTATION_COMMENTS = YES;
				CLANG_WARN_EMPTY_BODY = YES;
				CLANG_WARN_ENUM_CONVERSION = YES;
				CLANG_WARN_INFINITE_RECURSION = YES;
				CLANG_WARN_INT_CONVERSION = YES;
				CLANG_WARN_NON_LITERAL_NULL_CONVERSION = YES;
				CLANG_WARN_OBJC_IMPLICIT_RETAIN_SELF = YES;
				CLANG_WARN_OBJC_LITERAL_CONVERSION = YES;
				CLANG_WARN_OBJC_ROOT_CLASS = YES_ERROR;
				CLANG_WARN_QUOTED_INCLUDE_IN_FRAMEWORK_HEADER = YES;
				CLANG_WARN_RANGE_LOOP_ANALYSIS = YES;
				CLANG_WARN_STRICT_PROTOTYPES = YES;
				CLANG_WARN_SUSPICIOUS_MOVE = YES;
				CLANG_WARN_UNGUARDED_AVAILABILITY = YES_AGGRESSIVE;
				CLANG_WARN_UNREACHABLE_CODE = YES;
				CLANG_WARN__DUPLICATE_METHOD_MATCH = YES;
				COPY_PHASE_STRIP = NO;
				DEBUG_INFORMATION_FORMAT = dwarf;
				ENABLE_STRICT_OBJC_MSGSEND = YES;
				ENABLE_TESTABILITY = YES;
				GCC_C_LANGUAGE_STANDARD = gnu11;
				GCC_DYNAMIC_NO_PIC = NO;
				GCC_NO_COMMON_BLOCKS = YES;
				GCC_OPTIMIZATION_LEVEL = 0;
				GCC_PREPROCESSOR_DEFINITIONS = (
					"DEBUG=1",
					"$(inherited)",
				);
				GCC_WARN_64_TO_32_BIT_CONVERSION = YES;
				GCC_WARN_ABOUT_RETURN_TYPE = YES_ERROR;
				GCC_WARN_UNDECLARED_SELECTOR = YES;
				GCC_WARN_UNINITIALIZED_AUTOS = YES_AGGRESSIVE;
				GCC_WARN_UNUSED_FUNCTION = YES;
				GCC_WARN_UNUSED_VARIABLE = YES;
				IPHONEOS_DEPLOYMENT_TARGET = 13.1;
				MTL_ENABLE_DEBUG_INFO = INCLUDE_SOURCE;
				MTL_FAST_MATH = YES;
				ONLY_ACTIVE_ARCH = YES;
				SDKROOT = iphoneos;
				SWIFT_ACTIVE_COMPILATION_CONDITIONS = DEBUG;
				SWIFT_OPTIMIZATION_LEVEL = "-Onone";
			};
			name = Debug;
		};
		77F6E6942542F9DA00730CA8 /* Release */ = {
			isa = XCBuildConfiguration;
			buildSettings = {
				ALWAYS_SEARCH_USER_PATHS = NO;
				CLANG_ANALYZER_NONNULL = YES;
				CLANG_ANALYZER_NUMBER_OBJECT_CONVERSION = YES_AGGRESSIVE;
				CLANG_CXX_LANGUAGE_STANDARD = "gnu++14";
				CLANG_CXX_LIBRARY = "libc++";
				CLANG_ENABLE_MODULES = YES;
				CLANG_ENABLE_OBJC_ARC = YES;
				CLANG_ENABLE_OBJC_WEAK = YES;
				CLANG_WARN_BLOCK_CAPTURE_AUTORELEASING = YES;
				CLANG_WARN_BOOL_CONVERSION = YES;
				CLANG_WARN_COMMA = YES;
				CLANG_WARN_CONSTANT_CONVERSION = YES;
				CLANG_WARN_DEPRECATED_OBJC_IMPLEMENTATIONS = YES;
				CLANG_WARN_DIRECT_OBJC_ISA_USAGE = YES_ERROR;
				CLANG_WARN_DOCUMENTATION_COMMENTS = YES;
				CLANG_WARN_EMPTY_BODY = YES;
				CLANG_WARN_ENUM_CONVERSION = YES;
				CLANG_WARN_INFINITE_RECURSION = YES;
				CLANG_WARN_INT_CONVERSION = YES;
				CLANG_WARN_NON_LITERAL_NULL_CONVERSION = YES;
				CLANG_WARN_OBJC_IMPLICIT_RETAIN_SELF = YES;
				CLANG_WARN_OBJC_LITERAL_CONVERSION = YES;
				CLANG_WARN_OBJC_ROOT_CLASS = YES_ERROR;
				CLANG_WARN_QUOTED_INCLUDE_IN_FRAMEWORK_HEADER = YES;
				CLANG_WARN_RANGE_LOOP_ANALYSIS = YES;
				CLANG_WARN_STRICT_PROTOTYPES = YES;
				CLANG_WARN_SUSPICIOUS_MOVE = YES;
				CLANG_WARN_UNGUARDED_AVAILABILITY = YES_AGGRESSIVE;
				CLANG_WARN_UNREACHABLE_CODE = YES;
				CLANG_WARN__DUPLICATE_METHOD_MATCH = YES;
				COPY_PHASE_STRIP = NO;
				DEBUG_INFORMATION_FORMAT = "dwarf-with-dsym";
				ENABLE_NS_ASSERTIONS = NO;
				ENABLE_STRICT_OBJC_MSGSEND = YES;
				GCC_C_LANGUAGE_STANDARD = gnu11;
				GCC_NO_COMMON_BLOCKS = YES;
				GCC_WARN_64_TO_32_BIT_CONVERSION = YES;
				GCC_WARN_ABOUT_RETURN_TYPE = YES_ERROR;
				GCC_WARN_UNDECLARED_SELECTOR = YES;
				GCC_WARN_UNINITIALIZED_AUTOS = YES_AGGRESSIVE;
				GCC_WARN_UNUSED_FUNCTION = YES;
				GCC_WARN_UNUSED_VARIABLE = YES;
				IPHONEOS_DEPLOYMENT_TARGET = 13.1;
				MTL_ENABLE_DEBUG_INFO = NO;
				MTL_FAST_MATH = YES;
				SDKROOT = iphoneos;
				SWIFT_COMPILATION_MODE = wholemodule;
				SWIFT_OPTIMIZATION_LEVEL = "-O";
				VALIDATE_PRODUCT = YES;
			};
			name = Release;
		};
		77F6E6962542F9DA00730CA8 /* Debug */ = {
			isa = XCBuildConfiguration;
			buildSettings = {
				ASSETCATALOG_COMPILER_APPICON_NAME = AppIcon;
				ASSETCATALOG_COMPILER_GLOBAL_ACCENT_COLOR_NAME = AccentColor;
				CODE_SIGN_STYLE = Automatic;
				DEVELOPMENT_TEAM = M3U9KNFRF8;
				INFOPLIST_FILE = Project/Info.plist;
				IPHONEOS_DEPLOYMENT_TARGET = 13.1;
				LD_RUNPATH_SEARCH_PATHS = (
					"$(inherited)",
					"@executable_path/Frameworks",
				);
				PRODUCT_BUNDLE_IDENTIFIER = FG.Project;
				PRODUCT_NAME = "$(TARGET_NAME)";
				SWIFT_VERSION = 5.0;
				TARGETED_DEVICE_FAMILY = "1,2";
			};
			name = Debug;
		};
		77F6E6972542F9DA00730CA8 /* Release */ = {
			isa = XCBuildConfiguration;
			buildSettings = {
				ASSETCATALOG_COMPILER_APPICON_NAME = AppIcon;
				ASSETCATALOG_COMPILER_GLOBAL_ACCENT_COLOR_NAME = AccentColor;
				CODE_SIGN_STYLE = Automatic;
				DEVELOPMENT_TEAM = M3U9KNFRF8;
				INFOPLIST_FILE = Project/Info.plist;
				IPHONEOS_DEPLOYMENT_TARGET = 13.1;
				LD_RUNPATH_SEARCH_PATHS = (
					"$(inherited)",
					"@executable_path/Frameworks",
				);
				PRODUCT_BUNDLE_IDENTIFIER = FG.Project;
				PRODUCT_NAME = "$(TARGET_NAME)";
				SWIFT_VERSION = 5.0;
				TARGETED_DEVICE_FAMILY = "1,2";
			};
			name = Release;
		};
/* End XCBuildConfiguration section */

/* Begin XCConfigurationList section */
		77F6E67C2542F9D600730CA8 /* Build configuration list for PBXProject "Project" */ = {
			isa = XCConfigurationList;
			buildConfigurations = (
				77F6E6932542F9DA00730CA8 /* Debug */,
				77F6E6942542F9DA00730CA8 /* Release */,
			);
			defaultConfigurationIsVisible = 0;
			defaultConfigurationName = Release;
		};
		77F6E6952542F9DA00730CA8 /* Build configuration list for PBXNativeTarget "Project" */ = {
			isa = XCConfigurationList;
			buildConfigurations = (
				77F6E6962542F9DA00730CA8 /* Debug */,
				77F6E6972542F9DA00730CA8 /* Release */,
			);
			defaultConfigurationIsVisible = 0;
			defaultConfigurationName = Release;
		};
/* End XCConfigurationList section */
	};
	rootObject = 77F6E6792542F9D600730CA8 /* Project object */;
}
